
Microsoft Visual Studio Solution File, Format Version 12.00
# Visual Studio 15
VisualStudioVersion = 15.0.26430.6
MinimumVisualStudioVersion = 10.0.40219.1
Project("{FAE04EC0-301F-11D3-BF4B-00C04F79EFBC}") = "Excercise01_1", "Excercise01_1\Excercise01_1.csproj", "{0A67FA96-F9EE-4999-B8FA-35448A208B9D}"
EndProject
Project("{FAE04EC0-301F-11D3-BF4B-00C04F79EFBC}") = "Excercise01_2", "Excercise01_2\Excercise01_2.csproj", "{1E9F24EE-9451-468A-A860-88964845A4E2}"
EndProject
Project("{FAE04EC0-301F-11D3-BF4B-00C04F79EFBC}") = "Excercise02", "Excercise02\Excercise02.csproj", "{23E6812E-BF5A-4D15-A4F9-61DA8A2C8208}"
EndProject
Project("{FAE04EC0-301F-11D3-BF4B-00C04F79EFBC}") = "Excercise03", "Excercise03\Excercise03.csproj", "{79639181-601B-4F00-B7E6-A303E9CFA592}"
EndProject
Project("{FAE04EC0-301F-11D3-BF4B-00C04F79EFBC}") = "Excercise04", "Excercise04\Excercise04.csproj", "{4FF2322A-9D34-4442-B37D-63C945886427}"
EndProject
Global
	GlobalSection(SolutionConfigurationPlatforms) = preSolution
		Debug|Any CPU = Debug|Any CPU
		Release|Any CPU = Release|Any CPU
	EndGlobalSection
	GlobalSection(ProjectConfigurationPlatforms) = postSolution
		{0A67FA96-F9EE-4999-B8FA-35448A208B9D}.Debug|Any CPU.ActiveCfg = Debug|Any CPU
		{0A67FA96-F9EE-4999-B8FA-35448A208B9D}.Debug|Any CPU.Build.0 = Debug|Any CPU
		{0A67FA96-F9EE-4999-B8FA-35448A208B9D}.Release|Any CPU.ActiveCfg = Release|Any CPU
		{0A67FA96-F9EE-4999-B8FA-35448A208B9D}.Release|Any CPU.Build.0 = Release|Any CPU
		{1E9F24EE-9451-468A-A860-88964845A4E2}.Debug|Any CPU.ActiveCfg = Debug|Any CPU
		{1E9F24EE-9451-468A-A860-88964845A4E2}.Debug|Any CPU.Build.0 = Debug|Any CPU
		{1E9F24EE-9451-468A-A860-88964845A4E2}.Release|Any CPU.ActiveCfg = Release|Any CPU
		{1E9F24EE-9451-468A-A860-88964845A4E2}.Release|Any CPU.Build.0 = Release|Any CPU
		{23E6812E-BF5A-4D15-A4F9-61DA8A2C8208}.Debug|Any CPU.ActiveCfg = Debug|Any CPU
		{23E6812E-BF5A-4D15-A4F9-61DA8A2C8208}.Debug|Any CPU.Build.0 = Debug|Any CPU
		{23E6812E-BF5A-4D15-A4F9-61DA8A2C8208}.Release|Any CPU.ActiveCfg = Release|Any CPU
		{23E6812E-BF5A-4D15-A4F9-61DA8A2C8208}.Release|Any CPU.Build.0 = Release|Any CPU
		{79639181-601B-4F00-B7E6-A303E9CFA592}.Debug|Any CPU.ActiveCfg = Debug|Any CPU
		{79639181-601B-4F00-B7E6-A303E9CFA592}.Debug|Any CPU.Build.0 = Debug|Any CPU
		{79639181-601B-4F00-B7E6-A303E9CFA592}.Release|Any CPU.ActiveCfg = Release|Any CPU
		{79639181-601B-4F00-B7E6-A303E9CFA592}.Release|Any CPU.Build.0 = Release|Any CPU
		{4FF2322A-9D34-4442-B37D-63C945886427}.Debug|Any CPU.ActiveCfg = Debug|Any CPU
		{4FF2322A-9D34-4442-B37D-63C945886427}.Debug|Any CPU.Build.0 = Debug|Any CPU
		{4FF2322A-9D34-4442-B37D-63C945886427}.Release|Any CPU.ActiveCfg = Release|Any CPU
		{4FF2322A-9D34-4442-B37D-63C945886427}.Release|Any CPU.Build.0 = Release|Any CPU
	EndGlobalSection
	GlobalSection(SolutionProperties) = preSolution
		HideSolutionNode = FALSE
	EndGlobalSection
EndGlobal
